
Microsoft Visual Studio Solution File, Format Version 12.00
# Visual Studio Version 16
VisualStudioVersion = 16.0.32106.194
MinimumVisualStudioVersion = 10.0.40219.1
Project("{FAE04EC0-301F-11D3-BF4B-00C04F79EFBC}") = "OOP_basis", "OOP_basis\OOP_basis.csproj", "{4674EE64-ADA0-48F0-B789-333E199FF970}"
EndProject
Global
	GlobalSection(SolutionConfigurationPlatforms) = preSolution
		Debug|Any CPU = Debug|Any CPU
		Release|Any CPU = Release|Any CPU
	EndGlobalSection
	GlobalSection(ProjectConfigurationPlatforms) = postSolution
		{4674EE64-ADA0-48F0-B789-333E199FF970}.Debug|Any CPU.ActiveCfg = Debug|Any CPU
		{4674EE64-ADA0-48F0-B789-333E199FF970}.Debug|Any CPU.Build.0 = Debug|Any CPU
		{4674EE64-ADA0-48F0-B789-333E199FF970}.Release|Any CPU.ActiveCfg = Release|Any CPU
		{4674EE64-ADA0-48F0-B789-333E199FF970}.Release|Any CPU.Build.0 = Release|Any CPU
	EndGlobalSection
	GlobalSection(SolutionProperties) = preSolution
		HideSolutionNode = FALSE
	EndGlobalSection
	GlobalSection(ExtensibilityGlobals) = postSolution
		SolutionGuid = {BE353F3C-D2ED-4E82-B489-17C3275D969E}
	EndGlobalSection
EndGlobal
